// !$*UTF8*$!
{
	archiveVersion = 1;
	classes = {
	};
	objectVersion = 46;
	objects = {

/* Begin PBXBuildFile section */
		17279DE81E53BE9500FDD293 /* EventVC.swift in Sources */ = {isa = PBXBuildFile; fileRef = 17279DE71E53BE9500FDD293 /* EventVC.swift */; };
		17530C601E5CB92C000417A9 /* ChallengeTableViewCell.swift in Sources */ = {isa = PBXBuildFile; fileRef = 17530C5F1E5CB92C000417A9 /* ChallengeTableViewCell.swift */; };
		17B22F511E5493BF00EF08ED /* ChallengesVC.swift in Sources */ = {isa = PBXBuildFile; fileRef = 17B22F501E5493BF00EF08ED /* ChallengesVC.swift */; };
		17B22F531E54940200EF08ED /* Challenge.swift in Sources */ = {isa = PBXBuildFile; fileRef = 17B22F521E54940200EF08ED /* Challenge.swift */; };
		17B22F581E54D6E500EF08ED /* puddles.png in Resources */ = {isa = PBXBuildFile; fileRef = 17B22F541E54D6E500EF08ED /* puddles.png */; };
		17B22F591E54D6E500EF08ED /* timer-clock.png in Resources */ = {isa = PBXBuildFile; fileRef = 17B22F551E54D6E500EF08ED /* timer-clock.png */; };
		17B22F5A1E54D6E500EF08ED /* toilet.png in Resources */ = {isa = PBXBuildFile; fileRef = 17B22F561E54D6E500EF08ED /* toilet.png */; };
		17B22F5B1E54D6E500EF08ED /* water.png in Resources */ = {isa = PBXBuildFile; fileRef = 17B22F571E54D6E500EF08ED /* water.png */; };
		17B22F5D1E55088900EF08ED /* profile_picture.jpg in Resources */ = {isa = PBXBuildFile; fileRef = 17B22F5C1E55088900EF08ED /* profile_picture.jpg */; };
		17B22F5F1E550FFF00EF08ED /* Checkmark-icon.png in Resources */ = {isa = PBXBuildFile; fileRef = 17B22F5E1E550FFF00EF08ED /* Checkmark-icon.png */; };
		17B22F611E55113900EF08ED /* calendar.png in Resources */ = {isa = PBXBuildFile; fileRef = 17B22F601E55113900EF08ED /* calendar.png */; };
		17B22F631E55114200EF08ED /* exercise.png in Resources */ = {isa = PBXBuildFile; fileRef = 17B22F621E55114200EF08ED /* exercise.png */; };
		17B22F651E5519D200EF08ED /* goMarkIcon.png in Resources */ = {isa = PBXBuildFile; fileRef = 17B22F641E5519D200EF08ED /* goMarkIcon.png */; };
		17B22F671E58B08600EF08ED /* WelcomeUrologieVC.swift in Sources */ = {isa = PBXBuildFile; fileRef = 17B22F661E58B08600EF08ED /* WelcomeUrologieVC.swift */; };
		17B22F691E58B2C300EF08ED /* EventTableViewCell.swift in Sources */ = {isa = PBXBuildFile; fileRef = 17B22F681E58B2C300EF08ED /* EventTableViewCell.swift */; };
		17BAD6D41E317D1A00D910A8 /* AppDelegate.swift in Sources */ = {isa = PBXBuildFile; fileRef = 17BAD6D31E317D1A00D910A8 /* AppDelegate.swift */; };
		17BAD6D91E317D1A00D910A8 /* Main.storyboard in Resources */ = {isa = PBXBuildFile; fileRef = 17BAD6D71E317D1A00D910A8 /* Main.storyboard */; };
		17BAD6DB1E317D1A00D910A8 /* Assets.xcassets in Resources */ = {isa = PBXBuildFile; fileRef = 17BAD6DA1E317D1A00D910A8 /* Assets.xcassets */; };
		17BAD6F01E32ECAD00D910A8 /* OpenSans-Bold.ttf in Resources */ = {isa = PBXBuildFile; fileRef = 17BAD6E61E32ECAD00D910A8 /* OpenSans-Bold.ttf */; };
		17BAD6F11E32ECAD00D910A8 /* OpenSans-BoldItalic.ttf in Resources */ = {isa = PBXBuildFile; fileRef = 17BAD6E71E32ECAD00D910A8 /* OpenSans-BoldItalic.ttf */; };
		17BAD6F21E32ECAD00D910A8 /* OpenSans-ExtraBold.ttf in Resources */ = {isa = PBXBuildFile; fileRef = 17BAD6E81E32ECAD00D910A8 /* OpenSans-ExtraBold.ttf */; };
		17BAD6F31E32ECAD00D910A8 /* OpenSans-ExtraBoldItalic.ttf in Resources */ = {isa = PBXBuildFile; fileRef = 17BAD6E91E32ECAD00D910A8 /* OpenSans-ExtraBoldItalic.ttf */; };
		17BAD6F41E32ECAD00D910A8 /* OpenSans-Italic.ttf in Resources */ = {isa = PBXBuildFile; fileRef = 17BAD6EA1E32ECAD00D910A8 /* OpenSans-Italic.ttf */; };
		17BAD6F51E32ECAD00D910A8 /* OpenSans-Light.ttf in Resources */ = {isa = PBXBuildFile; fileRef = 17BAD6EB1E32ECAD00D910A8 /* OpenSans-Light.ttf */; };
		17BAD6F61E32ECAD00D910A8 /* OpenSans-LightItalic.ttf in Resources */ = {isa = PBXBuildFile; fileRef = 17BAD6EC1E32ECAD00D910A8 /* OpenSans-LightItalic.ttf */; };
		17BAD6F71E32ECAD00D910A8 /* OpenSans-Regular.ttf in Resources */ = {isa = PBXBuildFile; fileRef = 17BAD6ED1E32ECAD00D910A8 /* OpenSans-Regular.ttf */; };
		17BAD6F81E32ECAD00D910A8 /* OpenSans-Semibold.ttf in Resources */ = {isa = PBXBuildFile; fileRef = 17BAD6EE1E32ECAD00D910A8 /* OpenSans-Semibold.ttf */; };
		17BAD6F91E32ECAD00D910A8 /* OpenSans-SemiboldItalic.ttf in Resources */ = {isa = PBXBuildFile; fileRef = 17BAD6EF1E32ECAD00D910A8 /* OpenSans-SemiboldItalic.ttf */; };
		17BAD6FC1E32EDE200D910A8 /* Logo_CP_2016.png in Resources */ = {isa = PBXBuildFile; fileRef = 17BAD6FB1E32EDE200D910A8 /* Logo_CP_2016.png */; };
		17BAD6FE1E32EE6900D910A8 /* CP sticker.png in Resources */ = {isa = PBXBuildFile; fileRef = 17BAD6FD1E32EE6900D910A8 /* CP sticker.png */; };
		17BAD7001E32EFF800D910A8 /* User.swift in Sources */ = {isa = PBXBuildFile; fileRef = 17BAD6FF1E32EFF800D910A8 /* User.swift */; };
		17BAD7021E32F1B400D910A8 /* Event.swift in Sources */ = {isa = PBXBuildFile; fileRef = 17BAD7011E32F1B400D910A8 /* Event.swift */; };
		17BAD7041E32F1DF00D910A8 /* LandingVC.swift in Sources */ = {isa = PBXBuildFile; fileRef = 17BAD7031E32F1DF00D910A8 /* LandingVC.swift */; };
		17BAD7061E32F26700D910A8 /* WelcomeVC.swift in Sources */ = {isa = PBXBuildFile; fileRef = 17BAD7051E32F26700D910A8 /* WelcomeVC.swift */; };
		17BAD70B1E379EA300D910A8 /* Global Helper.swift in Sources */ = {isa = PBXBuildFile; fileRef = 17BAD70A1E379EA300D910A8 /* Global Helper.swift */; };
		17BAD70D1E396CAD00D910A8 /* CalendarMainVC.swift in Sources */ = {isa = PBXBuildFile; fileRef = 17BAD70C1E396CAD00D910A8 /* CalendarMainVC.swift */; };
		17FC9E111E3FDEE500CD8065 /* QuartzCore.framework in Frameworks */ = {isa = PBXBuildFile; fileRef = 17FC9E101E3FDEE500CD8065 /* QuartzCore.framework */; };
		17FC9E461E3FF38600CD8065 /* plus_sign_icon.png in Resources */ = {isa = PBXBuildFile; fileRef = 17FC9E451E3FF38600CD8065 /* plus_sign_icon.png */; };
		17FC9E4B1E3FF69200CD8065 /* Realm.framework in Frameworks */ = {isa = PBXBuildFile; fileRef = 17FC9E491E3FF69200CD8065 /* Realm.framework */; };
		17FC9E4C1E3FF69200CD8065 /* Realm.framework in Embed Frameworks */ = {isa = PBXBuildFile; fileRef = 17FC9E491E3FF69200CD8065 /* Realm.framework */; settings = {ATTRIBUTES = (CodeSignOnCopy, RemoveHeadersOnCopy, ); }; };
		17FC9E4D1E3FF69200CD8065 /* RealmSwift.framework in Frameworks */ = {isa = PBXBuildFile; fileRef = 17FC9E4A1E3FF69200CD8065 /* RealmSwift.framework */; };
		17FC9E4E1E3FF69200CD8065 /* RealmSwift.framework in Embed Frameworks */ = {isa = PBXBuildFile; fileRef = 17FC9E4A1E3FF69200CD8065 /* RealmSwift.framework */; settings = {ATTRIBUTES = (CodeSignOnCopy, RemoveHeadersOnCopy, ); }; };
		17FC9E531E41F95400CD8065 /* WebService.swift in Sources */ = {isa = PBXBuildFile; fileRef = 17FC9E521E41F95400CD8065 /* WebService.swift */; };
		17FC9E551E4635BC00CD8065 /* EventModelController.swift in Sources */ = {isa = PBXBuildFile; fileRef = 17FC9E541E4635BC00CD8065 /* EventModelController.swift */; };
		1BD1211977CF6CE085471944 /* Pods_Capsul_Protect_Uro.framework in Frameworks */ = {isa = PBXBuildFile; fileRef = 372302308EBE3492A987EA4C /* Pods_Capsul_Protect_Uro.framework */; };
/* End PBXBuildFile section */

/* Begin PBXCopyFilesBuildPhase section */
		17FC9E4F1E3FF69300CD8065 /* Embed Frameworks */ = {
			isa = PBXCopyFilesBuildPhase;
			buildActionMask = 2147483647;
			dstPath = "";
			dstSubfolderSpec = 10;
			files = (
				17FC9E4E1E3FF69200CD8065 /* RealmSwift.framework in Embed Frameworks */,
				17FC9E4C1E3FF69200CD8065 /* Realm.framework in Embed Frameworks */,
			);
			name = "Embed Frameworks";
			runOnlyForDeploymentPostprocessing = 0;
		};
/* End PBXCopyFilesBuildPhase section */

/* Begin PBXFileReference section */
		17279DE71E53BE9500FDD293 /* EventVC.swift */ = {isa = PBXFileReference; fileEncoding = 4; lastKnownFileType = sourcecode.swift; path = EventVC.swift; sourceTree = "<group>"; };
		17530C5F1E5CB92C000417A9 /* ChallengeTableViewCell.swift */ = {isa = PBXFileReference; fileEncoding = 4; lastKnownFileType = sourcecode.swift; path = ChallengeTableViewCell.swift; sourceTree = "<group>"; };
		17B22F501E5493BF00EF08ED /* ChallengesVC.swift */ = {isa = PBXFileReference; fileEncoding = 4; lastKnownFileType = sourcecode.swift; path = ChallengesVC.swift; sourceTree = "<group>"; };
		17B22F521E54940200EF08ED /* Challenge.swift */ = {isa = PBXFileReference; fileEncoding = 4; lastKnownFileType = sourcecode.swift; path = Challenge.swift; sourceTree = "<group>"; };
		17B22F541E54D6E500EF08ED /* puddles.png */ = {isa = PBXFileReference; lastKnownFileType = image.png; path = puddles.png; sourceTree = "<group>"; };
		17B22F551E54D6E500EF08ED /* timer-clock.png */ = {isa = PBXFileReference; lastKnownFileType = image.png; path = "timer-clock.png"; sourceTree = "<group>"; };
		17B22F561E54D6E500EF08ED /* toilet.png */ = {isa = PBXFileReference; lastKnownFileType = image.png; path = toilet.png; sourceTree = "<group>"; };
		17B22F571E54D6E500EF08ED /* water.png */ = {isa = PBXFileReference; lastKnownFileType = image.png; path = water.png; sourceTree = "<group>"; };
		17B22F5C1E55088900EF08ED /* profile_picture.jpg */ = {isa = PBXFileReference; lastKnownFileType = image.jpeg; path = profile_picture.jpg; sourceTree = "<group>"; };
		17B22F5E1E550FFF00EF08ED /* Checkmark-icon.png */ = {isa = PBXFileReference; lastKnownFileType = image.png; path = "Checkmark-icon.png"; sourceTree = "<group>"; };
		17B22F601E55113900EF08ED /* calendar.png */ = {isa = PBXFileReference; lastKnownFileType = image.png; path = calendar.png; sourceTree = "<group>"; };
		17B22F621E55114200EF08ED /* exercise.png */ = {isa = PBXFileReference; lastKnownFileType = image.png; path = exercise.png; sourceTree = "<group>"; };
		17B22F641E5519D200EF08ED /* goMarkIcon.png */ = {isa = PBXFileReference; lastKnownFileType = image.png; path = goMarkIcon.png; sourceTree = "<group>"; };
		17B22F661E58B08600EF08ED /* WelcomeUrologieVC.swift */ = {isa = PBXFileReference; fileEncoding = 4; lastKnownFileType = sourcecode.swift; path = WelcomeUrologieVC.swift; sourceTree = "<group>"; };
		17B22F681E58B2C300EF08ED /* EventTableViewCell.swift */ = {isa = PBXFileReference; fileEncoding = 4; lastKnownFileType = sourcecode.swift; path = EventTableViewCell.swift; sourceTree = "<group>"; };
		17BAD6D01E317D1A00D910A8 /* Capsul Protect Uro.app */ = {isa = PBXFileReference; explicitFileType = wrapper.application; includeInIndex = 0; path = "Capsul Protect Uro.app"; sourceTree = BUILT_PRODUCTS_DIR; };
		17BAD6D31E317D1A00D910A8 /* AppDelegate.swift */ = {isa = PBXFileReference; lastKnownFileType = sourcecode.swift; path = AppDelegate.swift; sourceTree = "<group>"; };
		17BAD6D81E317D1A00D910A8 /* Base */ = {isa = PBXFileReference; lastKnownFileType = file.storyboard; name = Base; path = Base.lproj/Main.storyboard; sourceTree = "<group>"; };
		17BAD6DA1E317D1A00D910A8 /* Assets.xcassets */ = {isa = PBXFileReference; lastKnownFileType = folder.assetcatalog; path = Assets.xcassets; sourceTree = "<group>"; };
		17BAD6DF1E317D1A00D910A8 /* Info.plist */ = {isa = PBXFileReference; lastKnownFileType = text.plist.xml; path = Info.plist; sourceTree = "<group>"; };
		17BAD6E61E32ECAD00D910A8 /* OpenSans-Bold.ttf */ = {isa = PBXFileReference; lastKnownFileType = file; path = "OpenSans-Bold.ttf"; sourceTree = "<group>"; };
		17BAD6E71E32ECAD00D910A8 /* OpenSans-BoldItalic.ttf */ = {isa = PBXFileReference; lastKnownFileType = file; path = "OpenSans-BoldItalic.ttf"; sourceTree = "<group>"; };
		17BAD6E81E32ECAD00D910A8 /* OpenSans-ExtraBold.ttf */ = {isa = PBXFileReference; lastKnownFileType = file; path = "OpenSans-ExtraBold.ttf"; sourceTree = "<group>"; };
		17BAD6E91E32ECAD00D910A8 /* OpenSans-ExtraBoldItalic.ttf */ = {isa = PBXFileReference; lastKnownFileType = file; path = "OpenSans-ExtraBoldItalic.ttf"; sourceTree = "<group>"; };
		17BAD6EA1E32ECAD00D910A8 /* OpenSans-Italic.ttf */ = {isa = PBXFileReference; lastKnownFileType = file; path = "OpenSans-Italic.ttf"; sourceTree = "<group>"; };
		17BAD6EB1E32ECAD00D910A8 /* OpenSans-Light.ttf */ = {isa = PBXFileReference; lastKnownFileType = file; path = "OpenSans-Light.ttf"; sourceTree = "<group>"; };
		17BAD6EC1E32ECAD00D910A8 /* OpenSans-LightItalic.ttf */ = {isa = PBXFileReference; lastKnownFileType = file; path = "OpenSans-LightItalic.ttf"; sourceTree = "<group>"; };
		17BAD6ED1E32ECAD00D910A8 /* OpenSans-Regular.ttf */ = {isa = PBXFileReference; lastKnownFileType = file; path = "OpenSans-Regular.ttf"; sourceTree = "<group>"; };
		17BAD6EE1E32ECAD00D910A8 /* OpenSans-Semibold.ttf */ = {isa = PBXFileReference; lastKnownFileType = file; path = "OpenSans-Semibold.ttf"; sourceTree = "<group>"; };
		17BAD6EF1E32ECAD00D910A8 /* OpenSans-SemiboldItalic.ttf */ = {isa = PBXFileReference; lastKnownFileType = file; path = "OpenSans-SemiboldItalic.ttf"; sourceTree = "<group>"; };
		17BAD6FB1E32EDE200D910A8 /* Logo_CP_2016.png */ = {isa = PBXFileReference; lastKnownFileType = image.png; path = Logo_CP_2016.png; sourceTree = "<group>"; };
		17BAD6FD1E32EE6900D910A8 /* CP sticker.png */ = {isa = PBXFileReference; lastKnownFileType = image.png; path = "CP sticker.png"; sourceTree = "<group>"; };
		17BAD6FF1E32EFF800D910A8 /* User.swift */ = {isa = PBXFileReference; fileEncoding = 4; lastKnownFileType = sourcecode.swift; path = User.swift; sourceTree = "<group>"; };
		17BAD7011E32F1B400D910A8 /* Event.swift */ = {isa = PBXFileReference; fileEncoding = 4; lastKnownFileType = sourcecode.swift; path = Event.swift; sourceTree = "<group>"; };
		17BAD7031E32F1DF00D910A8 /* LandingVC.swift */ = {isa = PBXFileReference; fileEncoding = 4; lastKnownFileType = sourcecode.swift; path = LandingVC.swift; sourceTree = "<group>"; };
		17BAD7051E32F26700D910A8 /* WelcomeVC.swift */ = {isa = PBXFileReference; fileEncoding = 4; lastKnownFileType = sourcecode.swift; path = WelcomeVC.swift; sourceTree = "<group>"; };
		17BAD70A1E379EA300D910A8 /* Global Helper.swift */ = {isa = PBXFileReference; fileEncoding = 4; lastKnownFileType = sourcecode.swift; path = "Global Helper.swift"; sourceTree = "<group>"; };
		17BAD70C1E396CAD00D910A8 /* CalendarMainVC.swift */ = {isa = PBXFileReference; fileEncoding = 4; lastKnownFileType = sourcecode.swift; path = CalendarMainVC.swift; sourceTree = "<group>"; };
		17FC9E101E3FDEE500CD8065 /* QuartzCore.framework */ = {isa = PBXFileReference; lastKnownFileType = wrapper.framework; name = QuartzCore.framework; path = System/Library/Frameworks/QuartzCore.framework; sourceTree = SDKROOT; };
		17FC9E451E3FF38600CD8065 /* plus_sign_icon.png */ = {isa = PBXFileReference; lastKnownFileType = image.png; path = plus_sign_icon.png; sourceTree = "<group>"; };
		17FC9E491E3FF69200CD8065 /* Realm.framework */ = {isa = PBXFileReference; lastKnownFileType = wrapper.framework; path = Realm.framework; sourceTree = "<group>"; };
		17FC9E4A1E3FF69200CD8065 /* RealmSwift.framework */ = {isa = PBXFileReference; lastKnownFileType = wrapper.framework; path = RealmSwift.framework; sourceTree = "<group>"; };
		17FC9E521E41F95400CD8065 /* WebService.swift */ = {isa = PBXFileReference; fileEncoding = 4; lastKnownFileType = sourcecode.swift; path = WebService.swift; sourceTree = "<group>"; };
		17FC9E541E4635BC00CD8065 /* EventModelController.swift */ = {isa = PBXFileReference; fileEncoding = 4; lastKnownFileType = sourcecode.swift; path = EventModelController.swift; sourceTree = "<group>"; };
		17FC9E571E475DA300CD8065 /* WSSEManager.swift */ = {isa = PBXFileReference; fileEncoding = 4; lastKnownFileType = sourcecode.swift; path = WSSEManager.swift; sourceTree = "<group>"; };
		17FC9E591E475DB900CD8065 /* LoginManager.swift */ = {isa = PBXFileReference; fileEncoding = 4; lastKnownFileType = sourcecode.swift; path = LoginManager.swift; sourceTree = "<group>"; };
		372302308EBE3492A987EA4C /* Pods_Capsul_Protect_Uro.framework */ = {isa = PBXFileReference; explicitFileType = wrapper.framework; includeInIndex = 0; path = Pods_Capsul_Protect_Uro.framework; sourceTree = BUILT_PRODUCTS_DIR; };
		50015860557D7646F15DD943 /* Pods-Capsul Protect Uro.release.xcconfig */ = {isa = PBXFileReference; includeInIndex = 1; lastKnownFileType = text.xcconfig; name = "Pods-Capsul Protect Uro.release.xcconfig"; path = "Pods/Target Support Files/Pods-Capsul Protect Uro/Pods-Capsul Protect Uro.release.xcconfig"; sourceTree = "<group>"; };
		86D3C2F48A0EBA9557C8C622 /* Pods-Capsul Protect Uro.debug.xcconfig */ = {isa = PBXFileReference; includeInIndex = 1; lastKnownFileType = text.xcconfig; name = "Pods-Capsul Protect Uro.debug.xcconfig"; path = "Pods/Target Support Files/Pods-Capsul Protect Uro/Pods-Capsul Protect Uro.debug.xcconfig"; sourceTree = "<group>"; };
/* End PBXFileReference section */

/* Begin PBXFrameworksBuildPhase section */
		17BAD6CD1E317D1A00D910A8 /* Frameworks */ = {
			isa = PBXFrameworksBuildPhase;
			buildActionMask = 2147483647;
			files = (
				17FC9E4B1E3FF69200CD8065 /* Realm.framework in Frameworks */,
				17FC9E111E3FDEE500CD8065 /* QuartzCore.framework in Frameworks */,
				17FC9E4D1E3FF69200CD8065 /* RealmSwift.framework in Frameworks */,
				1BD1211977CF6CE085471944 /* Pods_Capsul_Protect_Uro.framework in Frameworks */,
			);
			runOnlyForDeploymentPostprocessing = 0;
		};
/* End PBXFrameworksBuildPhase section */

/* Begin PBXGroup section */
		17530C5E1E5BAD9A000417A9 /* View */ = {
			isa = PBXGroup;
			children = (
				17B22F681E58B2C300EF08ED /* EventTableViewCell.swift */,
				17530C5F1E5CB92C000417A9 /* ChallengeTableViewCell.swift */,
			);
			name = View;
			sourceTree = "<group>";
		};
		17BAD6C71E317D1A00D910A8 = {
			isa = PBXGroup;
			children = (
				17FC9E491E3FF69200CD8065 /* Realm.framework */,
				17FC9E4A1E3FF69200CD8065 /* RealmSwift.framework */,
				17BAD6D21E317D1A00D910A8 /* Capsul Protect Uro */,
				17BAD6D11E317D1A00D910A8 /* Products */,
				389A0C5F4BF1112162F857EE /* Pods */,
				A2178FBF2995A16459D3C128 /* Frameworks */,
			);
			sourceTree = "<group>";
		};
		17BAD6D11E317D1A00D910A8 /* Products */ = {
			isa = PBXGroup;
			children = (
				17BAD6D01E317D1A00D910A8 /* Capsul Protect Uro.app */,
			);
			name = Products;
			sourceTree = "<group>";
		};
		17BAD6D21E317D1A00D910A8 /* Capsul Protect Uro */ = {
			isa = PBXGroup;
			children = (
				17BAD6D71E317D1A00D910A8 /* Main.storyboard */,
				17BAD6D31E317D1A00D910A8 /* AppDelegate.swift */,
				17BAD7091E379E7700D910A8 /* Helper */,
				17BAD7071E32F26C00D910A8 /* ViewControllers */,
				17BAD7081E32F29100D910A8 /* Model */,
				17530C5E1E5BAD9A000417A9 /* View */,
				17BAD6FA1E32ECB600D910A8 /* Ressources */,
				17BAD6DA1E317D1A00D910A8 /* Assets.xcassets */,
				17BAD6DF1E317D1A00D910A8 /* Info.plist */,
			);
			path = "Capsul Protect Uro";
			sourceTree = "<group>";
		};
		17BAD6E51E32ECAD00D910A8 /* Fonts */ = {
			isa = PBXGroup;
			children = (
				17BAD6E61E32ECAD00D910A8 /* OpenSans-Bold.ttf */,
				17BAD6E71E32ECAD00D910A8 /* OpenSans-BoldItalic.ttf */,
				17BAD6E81E32ECAD00D910A8 /* OpenSans-ExtraBold.ttf */,
				17BAD6E91E32ECAD00D910A8 /* OpenSans-ExtraBoldItalic.ttf */,
				17BAD6EA1E32ECAD00D910A8 /* OpenSans-Italic.ttf */,
				17BAD6EB1E32ECAD00D910A8 /* OpenSans-Light.ttf */,
				17BAD6EC1E32ECAD00D910A8 /* OpenSans-LightItalic.ttf */,
				17BAD6ED1E32ECAD00D910A8 /* OpenSans-Regular.ttf */,
				17BAD6EE1E32ECAD00D910A8 /* OpenSans-Semibold.ttf */,
				17BAD6EF1E32ECAD00D910A8 /* OpenSans-SemiboldItalic.ttf */,
			);
			path = Fonts;
			sourceTree = "<group>";
		};
		17BAD6FA1E32ECB600D910A8 /* Ressources */ = {
			isa = PBXGroup;
			children = (
				17BAD6FB1E32EDE200D910A8 /* Logo_CP_2016.png */,
				17BAD6FD1E32EE6900D910A8 /* CP sticker.png */,
				17FC9E451E3FF38600CD8065 /* plus_sign_icon.png */,
				17B22F601E55113900EF08ED /* calendar.png */,
				17B22F621E55114200EF08ED /* exercise.png */,
				17B22F541E54D6E500EF08ED /* puddles.png */,
				17B22F551E54D6E500EF08ED /* timer-clock.png */,
				17B22F561E54D6E500EF08ED /* toilet.png */,
				17B22F571E54D6E500EF08ED /* water.png */,
				17B22F5E1E550FFF00EF08ED /* Checkmark-icon.png */,
				17B22F641E5519D200EF08ED /* goMarkIcon.png */,
				17B22F5C1E55088900EF08ED /* profile_picture.jpg */,
				17BAD6E51E32ECAD00D910A8 /* Fonts */,
			);
			name = Ressources;
			sourceTree = "<group>";
		};
		17BAD7071E32F26C00D910A8 /* ViewControllers */ = {
			isa = PBXGroup;
			children = (
				17BAD7031E32F1DF00D910A8 /* LandingVC.swift */,
				17BAD7051E32F26700D910A8 /* WelcomeVC.swift */,
				17B22F661E58B08600EF08ED /* WelcomeUrologieVC.swift */,
				17BAD70C1E396CAD00D910A8 /* CalendarMainVC.swift */,
				17279DE71E53BE9500FDD293 /* EventVC.swift */,
				17B22F501E5493BF00EF08ED /* ChallengesVC.swift */,
			);
			name = ViewControllers;
			sourceTree = "<group>";
		};
		17BAD7081E32F29100D910A8 /* Model */ = {
			isa = PBXGroup;
			children = (
				17BAD6FF1E32EFF800D910A8 /* User.swift */,
				17BAD7011E32F1B400D910A8 /* Event.swift */,
				17FC9E541E4635BC00CD8065 /* EventModelController.swift */,
				17B22F521E54940200EF08ED /* Challenge.swift */,
			);
			name = Model;
			sourceTree = "<group>";
		};
		17BAD7091E379E7700D910A8 /* Helper */ = {
			isa = PBXGroup;
			children = (
				17BAD70A1E379EA300D910A8 /* Global Helper.swift */,
				17FC9E521E41F95400CD8065 /* WebService.swift */,
				17FC9E591E475DB900CD8065 /* LoginManager.swift */,
				17FC9E571E475DA300CD8065 /* WSSEManager.swift */,
			);
			name = Helper;
			sourceTree = "<group>";
		};
		389A0C5F4BF1112162F857EE /* Pods */ = {
			isa = PBXGroup;
			children = (
				86D3C2F48A0EBA9557C8C622 /* Pods-Capsul Protect Uro.debug.xcconfig */,
				50015860557D7646F15DD943 /* Pods-Capsul Protect Uro.release.xcconfig */,
			);
			name = Pods;
			sourceTree = "<group>";
		};
		A2178FBF2995A16459D3C128 /* Frameworks */ = {
			isa = PBXGroup;
			children = (
				17FC9E101E3FDEE500CD8065 /* QuartzCore.framework */,
				372302308EBE3492A987EA4C /* Pods_Capsul_Protect_Uro.framework */,
			);
			name = Frameworks;
			sourceTree = "<group>";
		};
/* End PBXGroup section */

/* Begin PBXNativeTarget section */
		17BAD6CF1E317D1A00D910A8 /* Capsul Protect Uro */ = {
			isa = PBXNativeTarget;
			buildConfigurationList = 17BAD6E21E317D1A00D910A8 /* Build configuration list for PBXNativeTarget "Capsul Protect Uro" */;
			buildPhases = (
				9555ACFA44B455A5B1A8A2A0 /* [CP] Check Pods Manifest.lock */,
				17BAD6CC1E317D1A00D910A8 /* Sources */,
				17BAD6CD1E317D1A00D910A8 /* Frameworks */,
				17BAD6CE1E317D1A00D910A8 /* Resources */,
				3ECD095DDF619DDA3ADC7361 /* [CP] Embed Pods Frameworks */,
				AA5D5A65537CDA0EFBA18A16 /* [CP] Copy Pods Resources */,
				17FC9E4F1E3FF69300CD8065 /* Embed Frameworks */,
			);
			buildRules = (
			);
			dependencies = (
			);
			name = "Capsul Protect Uro";
			productName = "Capsul Protect Uro";
			productReference = 17BAD6D01E317D1A00D910A8 /* Capsul Protect Uro.app */;
			productType = "com.apple.product-type.application";
		};
/* End PBXNativeTarget section */

/* Begin PBXProject section */
		17BAD6C81E317D1A00D910A8 /* Project object */ = {
			isa = PBXProject;
			attributes = {
				LastSwiftUpdateCheck = 0820;
				LastUpgradeCheck = 0820;
				ORGANIZATIONNAME = "Capsul Protect";
				TargetAttributes = {
					17BAD6CF1E317D1A00D910A8 = {
						CreatedOnToolsVersion = 8.2.1;
						DevelopmentTeam = 9463355TE8;
						ProvisioningStyle = Automatic;
					};
				};
			};
			buildConfigurationList = 17BAD6CB1E317D1A00D910A8 /* Build configuration list for PBXProject "Capsul Protect Uro" */;
			compatibilityVersion = "Xcode 3.2";
			developmentRegion = English;
			hasScannedForEncodings = 0;
			knownRegions = (
				en,
				Base,
			);
			mainGroup = 17BAD6C71E317D1A00D910A8;
			productRefGroup = 17BAD6D11E317D1A00D910A8 /* Products */;
			projectDirPath = "";
			projectRoot = "";
			targets = (
				17BAD6CF1E317D1A00D910A8 /* Capsul Protect Uro */,
			);
		};
/* End PBXProject section */

/* Begin PBXResourcesBuildPhase section */
		17BAD6CE1E317D1A00D910A8 /* Resources */ = {
			isa = PBXResourcesBuildPhase;
			buildActionMask = 2147483647;
			files = (
				17BAD6F81E32ECAD00D910A8 /* OpenSans-Semibold.ttf in Resources */,
				17BAD6F91E32ECAD00D910A8 /* OpenSans-SemiboldItalic.ttf in Resources */,
				17BAD6FC1E32EDE200D910A8 /* Logo_CP_2016.png in Resources */,
				17FC9E461E3FF38600CD8065 /* plus_sign_icon.png in Resources */,
				17B22F5F1E550FFF00EF08ED /* Checkmark-icon.png in Resources */,
				17B22F5A1E54D6E500EF08ED /* toilet.png in Resources */,
				17BAD6FE1E32EE6900D910A8 /* CP sticker.png in Resources */,
				17BAD6F71E32ECAD00D910A8 /* OpenSans-Regular.ttf in Resources */,
				17BAD6F41E32ECAD00D910A8 /* OpenSans-Italic.ttf in Resources */,
				17BAD6F31E32ECAD00D910A8 /* OpenSans-ExtraBoldItalic.ttf in Resources */,
				17BAD6DB1E317D1A00D910A8 /* Assets.xcassets in Resources */,
				17B22F651E5519D200EF08ED /* goMarkIcon.png in Resources */,
				17B22F631E55114200EF08ED /* exercise.png in Resources */,
				17BAD6F61E32ECAD00D910A8 /* OpenSans-LightItalic.ttf in Resources */,
				17BAD6F01E32ECAD00D910A8 /* OpenSans-Bold.ttf in Resources */,
				17BAD6D91E317D1A00D910A8 /* Main.storyboard in Resources */,
				17B22F5B1E54D6E500EF08ED /* water.png in Resources */,
				17B22F591E54D6E500EF08ED /* timer-clock.png in Resources */,
				17BAD6F51E32ECAD00D910A8 /* OpenSans-Light.ttf in Resources */,
				17BAD6F11E32ECAD00D910A8 /* OpenSans-BoldItalic.ttf in Resources */,
				17BAD6F21E32ECAD00D910A8 /* OpenSans-ExtraBold.ttf in Resources */,
				17B22F5D1E55088900EF08ED /* profile_picture.jpg in Resources */,
				17B22F581E54D6E500EF08ED /* puddles.png in Resources */,
				17B22F611E55113900EF08ED /* calendar.png in Resources */,
			);
			runOnlyForDeploymentPostprocessing = 0;
		};
/* End PBXResourcesBuildPhase section */

/* Begin PBXShellScriptBuildPhase section */
		3ECD095DDF619DDA3ADC7361 /* [CP] Embed Pods Frameworks */ = {
			isa = PBXShellScriptBuildPhase;
			buildActionMask = 2147483647;
			files = (
			);
			inputPaths = (
			);
			name = "[CP] Embed Pods Frameworks";
			outputPaths = (
			);
			runOnlyForDeploymentPostprocessing = 0;
			shellPath = /bin/sh;
			shellScript = "\"${SRCROOT}/Pods/Target Support Files/Pods-Capsul Protect Uro/Pods-Capsul Protect Uro-frameworks.sh\"\n";
			showEnvVarsInLog = 0;
		};
		9555ACFA44B455A5B1A8A2A0 /* [CP] Check Pods Manifest.lock */ = {
			isa = PBXShellScriptBuildPhase;
			buildActionMask = 2147483647;
			files = (
			);
			inputPaths = (
			);
			name = "[CP] Check Pods Manifest.lock";
			outputPaths = (
			);
			runOnlyForDeploymentPostprocessing = 0;
			shellPath = /bin/sh;
			shellScript = "diff \"${PODS_ROOT}/../Podfile.lock\" \"${PODS_ROOT}/Manifest.lock\" > /dev/null\nif [ $? != 0 ] ; then\n    # print error to STDERR\n    echo \"error: The sandbox is not in sync with the Podfile.lock. Run 'pod install' or update your CocoaPods installation.\" >&2\n    exit 1\nfi\n";
			showEnvVarsInLog = 0;
		};
		AA5D5A65537CDA0EFBA18A16 /* [CP] Copy Pods Resources */ = {
			isa = PBXShellScriptBuildPhase;
			buildActionMask = 2147483647;
			files = (
			);
			inputPaths = (
			);
			name = "[CP] Copy Pods Resources";
			outputPaths = (
			);
			runOnlyForDeploymentPostprocessing = 0;
			shellPath = /bin/sh;
			shellScript = "\"${SRCROOT}/Pods/Target Support Files/Pods-Capsul Protect Uro/Pods-Capsul Protect Uro-resources.sh\"\n";
			showEnvVarsInLog = 0;
		};
/* End PBXShellScriptBuildPhase section */

/* Begin PBXSourcesBuildPhase section */
		17BAD6CC1E317D1A00D910A8 /* Sources */ = {
			isa = PBXSourcesBuildPhase;
			buildActionMask = 2147483647;
			files = (
				17BAD7041E32F1DF00D910A8 /* LandingVC.swift in Sources */,
				17B22F671E58B08600EF08ED /* WelcomeUrologieVC.swift in Sources */,
				17B22F531E54940200EF08ED /* Challenge.swift in Sources */,
				17BAD7061E32F26700D910A8 /* WelcomeVC.swift in Sources */,
				17B22F691E58B2C300EF08ED /* EventTableViewCell.swift in Sources */,
				17BAD7001E32EFF800D910A8 /* User.swift in Sources */,
				17279DE81E53BE9500FDD293 /* EventVC.swift in Sources */,
				17BAD7021E32F1B400D910A8 /* Event.swift in Sources */,
				17BAD6D41E317D1A00D910A8 /* AppDelegate.swift in Sources */,
				17530C601E5CB92C000417A9 /* ChallengeTableViewCell.swift in Sources */,
				17BAD70D1E396CAD00D910A8 /* CalendarMainVC.swift in Sources */,
				17BAD70B1E379EA300D910A8 /* Global Helper.swift in Sources */,
				17B22F511E5493BF00EF08ED /* ChallengesVC.swift in Sources */,
				17FC9E531E41F95400CD8065 /* WebService.swift in Sources */,
				17FC9E551E4635BC00CD8065 /* EventModelController.swift in Sources */,
			);
			runOnlyForDeploymentPostprocessing = 0;
		};
/* End PBXSourcesBuildPhase section */

/* Begin PBXVariantGroup section */
		17BAD6D71E317D1A00D910A8 /* Main.storyboard */ = {
			isa = PBXVariantGroup;
			children = (
				17BAD6D81E317D1A00D910A8 /* Base */,
			);
			name = Main.storyboard;
			sourceTree = "<group>";
		};
/* End PBXVariantGroup section */

/* Begin XCBuildConfiguration section */
		17BAD6E01E317D1A00D910A8 /* Debug */ = {
			isa = XCBuildConfiguration;
			buildSettings = {
				ALWAYS_SEARCH_USER_PATHS = NO;
				CLANG_ANALYZER_NONNULL = YES;
				CLANG_CXX_LANGUAGE_STANDARD = "gnu++0x";
				CLANG_CXX_LIBRARY = "libc++";
				CLANG_ENABLE_MODULES = YES;
				CLANG_ENABLE_OBJC_ARC = YES;
				CLANG_WARN_BOOL_CONVERSION = YES;
				CLANG_WARN_CONSTANT_CONVERSION = YES;
				CLANG_WARN_DIRECT_OBJC_ISA_USAGE = YES_ERROR;
				CLANG_WARN_DOCUMENTATION_COMMENTS = YES;
				CLANG_WARN_EMPTY_BODY = YES;
				CLANG_WARN_ENUM_CONVERSION = YES;
				CLANG_WARN_INFINITE_RECURSION = YES;
				CLANG_WARN_INT_CONVERSION = YES;
				CLANG_WARN_OBJC_ROOT_CLASS = YES_ERROR;
				CLANG_WARN_SUSPICIOUS_MOVE = YES;
				CLANG_WARN_UNREACHABLE_CODE = YES;
				CLANG_WARN__DUPLICATE_METHOD_MATCH = YES;
				"CODE_SIGN_IDENTITY[sdk=iphoneos*]" = "iPhone Developer";
				COPY_PHASE_STRIP = NO;
				DEBUG_INFORMATION_FORMAT = dwarf;
				ENABLE_STRICT_OBJC_MSGSEND = YES;
				ENABLE_TESTABILITY = YES;
				GCC_C_LANGUAGE_STANDARD = gnu99;
				GCC_DYNAMIC_NO_PIC = NO;
				GCC_NO_COMMON_BLOCKS = YES;
				GCC_OPTIMIZATION_LEVEL = 0;
				GCC_PREPROCESSOR_DEFINITIONS = (
					"DEBUG=1",
					"$(inherited)",
				);
				GCC_WARN_64_TO_32_BIT_CONVERSION = YES;
				GCC_WARN_ABOUT_RETURN_TYPE = YES_ERROR;
				GCC_WARN_UNDECLARED_SELECTOR = YES;
				GCC_WARN_UNINITIALIZED_AUTOS = YES_AGGRESSIVE;
				GCC_WARN_UNUSED_FUNCTION = YES;
				GCC_WARN_UNUSED_VARIABLE = YES;
				IPHONEOS_DEPLOYMENT_TARGET = 10.2;
				MTL_ENABLE_DEBUG_INFO = YES;
				ONLY_ACTIVE_ARCH = YES;
				SDKROOT = iphoneos;
				SWIFT_ACTIVE_COMPILATION_CONDITIONS = DEBUG;
				SWIFT_OPTIMIZATION_LEVEL = "-Onone";
			};
			name = Debug;
		};
		17BAD6E11E317D1A00D910A8 /* Release */ = {
			isa = XCBuildConfiguration;
			buildSettings = {
				ALWAYS_SEARCH_USER_PATHS = NO;
				CLANG_ANALYZER_NONNULL = YES;
				CLANG_CXX_LANGUAGE_STANDARD = "gnu++0x";
				CLANG_CXX_LIBRARY = "libc++";
				CLANG_ENABLE_MODULES = YES;
				CLANG_ENABLE_OBJC_ARC = YES;
				CLANG_WARN_BOOL_CONVERSION = YES;
				CLANG_WARN_CONSTANT_CONVERSION = YES;
				CLANG_WARN_DIRECT_OBJC_ISA_USAGE = YES_ERROR;
				CLANG_WARN_DOCUMENTATION_COMMENTS = YES;
				CLANG_WARN_EMPTY_BODY = YES;
				CLANG_WARN_ENUM_CONVERSION = YES;
				CLANG_WARN_INFINITE_RECURSION = YES;
				CLANG_WARN_INT_CONVERSION = YES;
				CLANG_WARN_OBJC_ROOT_CLASS = YES_ERROR;
				CLANG_WARN_SUSPICIOUS_MOVE = YES;
				CLANG_WARN_UNREACHABLE_CODE = YES;
				CLANG_WARN__DUPLICATE_METHOD_MATCH = YES;
				"CODE_SIGN_IDENTITY[sdk=iphoneos*]" = "iPhone Developer";
				COPY_PHASE_STRIP = NO;
				DEBUG_INFORMATION_FORMAT = "dwarf-with-dsym";
				ENABLE_NS_ASSERTIONS = NO;
				ENABLE_STRICT_OBJC_MSGSEND = YES;
				GCC_C_LANGUAGE_STANDARD = gnu99;
				GCC_NO_COMMON_BLOCKS = YES;
				GCC_WARN_64_TO_32_BIT_CONVERSION = YES;
				GCC_WARN_ABOUT_RETURN_TYPE = YES_ERROR;
				GCC_WARN_UNDECLARED_SELECTOR = YES;
				GCC_WARN_UNINITIALIZED_AUTOS = YES_AGGRESSIVE;
				GCC_WARN_UNUSED_FUNCTION = YES;
				GCC_WARN_UNUSED_VARIABLE = YES;
				IPHONEOS_DEPLOYMENT_TARGET = 10.2;
				MTL_ENABLE_DEBUG_INFO = NO;
				SDKROOT = iphoneos;
				SWIFT_OPTIMIZATION_LEVEL = "-Owholemodule";
				VALIDATE_PRODUCT = YES;
			};
			name = Release;
		};
		17BAD6E31E317D1A00D910A8 /* Debug */ = {
			isa = XCBuildConfiguration;
			baseConfigurationReference = 86D3C2F48A0EBA9557C8C622 /* Pods-Capsul Protect Uro.debug.xcconfig */;
			buildSettings = {
				ASSETCATALOG_COMPILER_APPICON_NAME = AppIcon;
				DEVELOPMENT_TEAM = 9463355TE8;
				FRAMEWORK_SEARCH_PATHS = (
					"$(inherited)",
					"$(PROJECT_DIR)",
				);
				INFOPLIST_FILE = "Capsul Protect Uro/Info.plist";
				IPHONEOS_DEPLOYMENT_TARGET = 9.0;
				LD_RUNPATH_SEARCH_PATHS = "$(inherited) @executable_path/Frameworks";
				PRODUCT_BUNDLE_IDENTIFIER = "com.CapsulProtect.Capsul-Protect-Uro";
				PRODUCT_NAME = "$(TARGET_NAME)";
				SWIFT_VERSION = 3.0;
			};
			name = Debug;
		};
		17BAD6E41E317D1A00D910A8 /* Release */ = {
			isa = XCBuildConfiguration;
			baseConfigurationReference = 50015860557D7646F15DD943 /* Pods-Capsul Protect Uro.release.xcconfig */;
			buildSettings = {
				ASSETCATALOG_COMPILER_APPICON_NAME = AppIcon;
				DEVELOPMENT_TEAM = 9463355TE8;
				FRAMEWORK_SEARCH_PATHS = (
					"$(inherited)",
					"$(PROJECT_DIR)",
				);
				INFOPLIST_FILE = "Capsul Protect Uro/Info.plist";
				IPHONEOS_DEPLOYMENT_TARGET = 9.0;
				LD_RUNPATH_SEARCH_PATHS = "$(inherited) @executable_path/Frameworks";
				PRODUCT_BUNDLE_IDENTIFIER = "com.CapsulProtect.Capsul-Protect-Uro";
				PRODUCT_NAME = "$(TARGET_NAME)";
				SWIFT_VERSION = 3.0;
			};
			name = Release;
		};
/* End XCBuildConfiguration section */

/* Begin XCConfigurationList section */
		17BAD6CB1E317D1A00D910A8 /* Build configuration list for PBXProject "Capsul Protect Uro" */ = {
			isa = XCConfigurationList;
			buildConfigurations = (
				17BAD6E01E317D1A00D910A8 /* Debug */,
				17BAD6E11E317D1A00D910A8 /* Release */,
			);
			defaultConfigurationIsVisible = 0;
			defaultConfigurationName = Release;
		};
		17BAD6E21E317D1A00D910A8 /* Build configuration list for PBXNativeTarget "Capsul Protect Uro" */ = {
			isa = XCConfigurationList;
			buildConfigurations = (
				17BAD6E31E317D1A00D910A8 /* Debug */,
				17BAD6E41E317D1A00D910A8 /* Release */,
			);
			defaultConfigurationIsVisible = 0;
			defaultConfigurationName = Release;
		};
/* End XCConfigurationList section */
	};
	rootObject = 17BAD6C81E317D1A00D910A8 /* Project object */;
}
