PODS:
  - Alamofire (4.4.0)
  - CryptoSwift (0.6.7)
  - FSCalendar (2.7.3)
  - KDCircularProgress (1.5.2)
  - SCLAlertView (0.7.0)
  - SwiftyJSON (3.1.4)

DEPENDENCIES:
  - Alamofire (~> 4.3)
  - CryptoSwift (from `https://github.com/krzyzanowskim/CryptoSwift`, branch `master`)
  - FSCalendar
  - KDCircularProgress
  - SCLAlertView
  - SwiftyJSON

EXTERNAL SOURCES:
  CryptoSwift:
    :branch: master
    :git: https://github.com/krzyzanowskim/CryptoSwift

CHECKOUT OPTIONS:
  CryptoSwift:
    :commit: 28456ac3332f66dc32ad2cf31aab84609fa703c8
    :git: https://github.com/krzyzanowskim/CryptoSwift

SPEC CHECKSUMS:
  Alamofire: dc44b1600b800eb63da6a19039a0083d62a6a62d
  CryptoSwift: 8f7b936cfd910257631f30d26e7188fa64e91e97
  FSCalendar: 574388d70778c22719eed9341653e1743b345573
  KDCircularProgress: 12f677b2deb02409ab48c6cae1898d146b8ad549
  SCLAlertView: 8a14ffc40590c619e183eed2298b854385f30be1
  SwiftyJSON: c2842d878f95482ffceec5709abc3d05680c0220

PODFILE CHECKSUM: d94d4b315c08db6c045c267a49577818ad2530e5

COCOAPODS: 1.1.1
